// !$*UTF8*$!
{
	archiveVersion = 1;
	classes = {
	};
	objectVersion = 46;
	objects = {

/* Begin PBXBuildFile section */
		C8A06CA91D08C9E1007E4130 /* AppDelegate.swift in Sources */ = {isa = PBXBuildFile; fileRef = C8A06CA81D08C9E1007E4130 /* AppDelegate.swift */; };
		C8A06CAE1D08C9E1007E4130 /* Main.storyboard in Resources */ = {isa = PBXBuildFile; fileRef = C8A06CAC1D08C9E1007E4130 /* Main.storyboard */; };
		C8A06CB01D08C9E1007E4130 /* Assets.xcassets in Resources */ = {isa = PBXBuildFile; fileRef = C8A06CAF1D08C9E1007E4130 /* Assets.xcassets */; };
		C8A06CB31D08C9E1007E4130 /* LaunchScreen.storyboard in Resources */ = {isa = PBXBuildFile; fileRef = C8A06CB11D08C9E1007E4130 /* LaunchScreen.storyboard */; };
		C8A06CBC1D08CA35007E4130 /* ImageViewController.swift in Sources */ = {isa = PBXBuildFile; fileRef = C8A06CBB1D08CA35007E4130 /* ImageViewController.swift */; };
		C8A06CBE1D08CD32007E4130 /* URL.swift in Sources */ = {isa = PBXBuildFile; fileRef = C8A06CBD1D08CD32007E4130 /* URL.swift */; };
/* End PBXBuildFile section */

/* Begin PBXFileReference section */
		C8A06CA51D08C9E1007E4130 /* Cassini_l7.app */ = {isa = PBXFileReference; explicitFileType = wrapper.application; includeInIndex = 0; path = Cassini_l7.app; sourceTree = BUILT_PRODUCTS_DIR; };
		C8A06CA81D08C9E1007E4130 /* AppDelegate.swift */ = {isa = PBXFileReference; lastKnownFileType = sourcecode.swift; path = AppDelegate.swift; sourceTree = "<group>"; };
		C8A06CAD1D08C9E1007E4130 /* Base */ = {isa = PBXFileReference; lastKnownFileType = file.storyboard; name = Base; path = Base.lproj/Main.storyboard; sourceTree = "<group>"; };
		C8A06CAF1D08C9E1007E4130 /* Assets.xcassets */ = {isa = PBXFileReference; lastKnownFileType = folder.assetcatalog; path = Assets.xcassets; sourceTree = "<group>"; };
		C8A06CB21D08C9E1007E4130 /* Base */ = {isa = PBXFileReference; lastKnownFileType = file.storyboard; name = Base; path = Base.lproj/LaunchScreen.storyboard; sourceTree = "<group>"; };
		C8A06CB41D08C9E1007E4130 /* Info.plist */ = {isa = PBXFileReference; lastKnownFileType = text.plist.xml; path = Info.plist; sourceTree = "<group>"; };
		C8A06CBB1D08CA35007E4130 /* ImageViewController.swift */ = {isa = PBXFileReference; fileEncoding = 4; lastKnownFileType = sourcecode.swift; path = ImageViewController.swift; sourceTree = "<group>"; };
		C8A06CBD1D08CD32007E4130 /* URL.swift */ = {isa = PBXFileReference; fileEncoding = 4; lastKnownFileType = sourcecode.swift; path = URL.swift; sourceTree = "<group>"; };
/* End PBXFileReference section */

/* Begin PBXFrameworksBuildPhase section */
		C8A06CA21D08C9E1007E4130 /* Frameworks */ = {
			isa = PBXFrameworksBuildPhase;
			buildActionMask = 2147483647;
			files = (
			);
			runOnlyForDeploymentPostprocessing = 0;
		};
/* End PBXFrameworksBuildPhase section */

/* Begin PBXGroup section */
		C8A06C9C1D08C9E1007E4130 = {
			isa = PBXGroup;
			children = (
				C8A06CA71D08C9E1007E4130 /* Cassini_l7 */,
				C8A06CA61D08C9E1007E4130 /* Products */,
			);
			sourceTree = "<group>";
		};
		C8A06CA61D08C9E1007E4130 /* Products */ = {
			isa = PBXGroup;
			children = (
				C8A06CA51D08C9E1007E4130 /* Cassini_l7.app */,
			);
			name = Products;
			sourceTree = "<group>";
		};
		C8A06CA71D08C9E1007E4130 /* Cassini_l7 */ = {
			isa = PBXGroup;
			children = (
				C8A06CBA1D08C9F7007E4130 /* Supporting Files */,
				C8A06CAC1D08C9E1007E4130 /* Main.storyboard */,
				C8A06CBD1D08CD32007E4130 /* URL.swift */,
				C8A06CBB1D08CA35007E4130 /* ImageViewController.swift */,
				C8A06CB41D08C9E1007E4130 /* Info.plist */,
			);
			path = Cassini_l7;
			sourceTree = "<group>";
		};
		C8A06CBA1D08C9F7007E4130 /* Supporting Files */ = {
			isa = PBXGroup;
			children = (
				C8A06CA81D08C9E1007E4130 /* AppDelegate.swift */,
				C8A06CAF1D08C9E1007E4130 /* Assets.xcassets */,
				C8A06CB11D08C9E1007E4130 /* LaunchScreen.storyboard */,
			);
			name = "Supporting Files";
			sourceTree = "<group>";
		};
/* End PBXGroup section */

/* Begin PBXNativeTarget section */
		C8A06CA41D08C9E1007E4130 /* Cassini_l7 */ = {
			isa = PBXNativeTarget;
			buildConfigurationList = C8A06CB71D08C9E1007E4130 /* Build configuration list for PBXNativeTarget "Cassini_l7" */;
			buildPhases = (
				C8A06CA11D08C9E1007E4130 /* Sources */,
				C8A06CA21D08C9E1007E4130 /* Frameworks */,
				C8A06CA31D08C9E1007E4130 /* Resources */,
			);
			buildRules = (
			);
			dependencies = (
			);
			name = Cassini_l7;
			productName = Cassini_l7;
			productReference = C8A06CA51D08C9E1007E4130 /* Cassini_l7.app */;
			productType = "com.apple.product-type.application";
		};
/* End PBXNativeTarget section */

/* Begin PBXProject section */
		C8A06C9D1D08C9E1007E4130 /* Project object */ = {
			isa = PBXProject;
			attributes = {
				LastSwiftUpdateCheck = 0730;
				LastUpgradeCheck = 0730;
				ORGANIZATIONNAME = XueYu;
				TargetAttributes = {
					C8A06CA41D08C9E1007E4130 = {
						CreatedOnToolsVersion = 7.3.1;
					};
				};
			};
			buildConfigurationList = C8A06CA01D08C9E1007E4130 /* Build configuration list for PBXProject "Cassini_l7" */;
			compatibilityVersion = "Xcode 3.2";
			developmentRegion = English;
			hasScannedForEncodings = 0;
			knownRegions = (
				en,
				Base,
			);
			mainGroup = C8A06C9C1D08C9E1007E4130;
			productRefGroup = C8A06CA61D08C9E1007E4130 /* Products */;
			projectDirPath = "";
			projectRoot = "";
			targets = (
				C8A06CA41D08C9E1007E4130 /* Cassini_l7 */,
			);
		};
/* End PBXProject section */

/* Begin PBXResourcesBuildPhase section */
		C8A06CA31D08C9E1007E4130 /* Resources */ = {
			isa = PBXResourcesBuildPhase;
			buildActionMask = 2147483647;
			files = (
				C8A06CB31D08C9E1007E4130 /* LaunchScreen.storyboard in Resources */,
				C8A06CB01D08C9E1007E4130 /* Assets.xcassets in Resources */,
				C8A06CAE1D08C9E1007E4130 /* Main.storyboard in Resources */,
			);
			runOnlyForDeploymentPostprocessing = 0;
		};
/* End PBXResourcesBuildPhase section */

/* Begin PBXSourcesBuildPhase section */
		C8A06CA11D08C9E1007E4130 /* Sources */ = {
			isa = PBXSourcesBuildPhase;
			buildActionMask = 2147483647;
			files = (
				C8A06CBC1D08CA35007E4130 /* ImageViewController.swift in Sources */,
				C8A06CA91D08C9E1007E4130 /* AppDelegate.swift in Sources */,
				C8A06CBE1D08CD32007E4130 /* URL.swift in Sources */,
			);
			runOnlyForDeploymentPostprocessing = 0;
		};
/* End PBXSourcesBuildPhase section */

/* Begin PBXVariantGroup section */
		C8A06CAC1D08C9E1007E4130 /* Main.storyboard */ = {
			isa = PBXVariantGroup;
			children = (
				C8A06CAD1D08C9E1007E4130 /* Base */,
			);
			name = Main.storyboard;
			sourceTree = "<group>";
		};
		C8A06CB11D08C9E1007E4130 /* LaunchScreen.storyboard */ = {
			isa = PBXVariantGroup;
			children = (
				C8A06CB21D08C9E1007E4130 /* Base */,
			);
			name = LaunchScreen.storyboard;
			sourceTree = "<group>";
		};
/* End PBXVariantGroup section */

/* Begin XCBuildConfiguration section */
		C8A06CB51D08C9E1007E4130 /* Debug */ = {
			isa = XCBuildConfiguration;
			buildSettings = {
				ALWAYS_SEARCH_USER_PATHS = NO;
				CLANG_ANALYZER_NONNULL = YES;
				CLANG_CXX_LANGUAGE_STANDARD = "gnu++0x";
				CLANG_CXX_LIBRARY = "libc++";
				CLANG_ENABLE_MODULES = YES;
				CLANG_ENABLE_OBJC_ARC = YES;
				CLANG_WARN_BOOL_CONVERSION = YES;
				CLANG_WARN_CONSTANT_CONVERSION = YES;
				CLANG_WARN_DIRECT_OBJC_ISA_USAGE = YES_ERROR;
				CLANG_WARN_EMPTY_BODY = YES;
				CLANG_WARN_ENUM_CONVERSION = YES;
				CLANG_WARN_INT_CONVERSION = YES;
				CLANG_WARN_OBJC_ROOT_CLASS = YES_ERROR;
				CLANG_WARN_UNREACHABLE_CODE = YES;
				CLANG_WARN__DUPLICATE_METHOD_MATCH = YES;
				"CODE_SIGN_IDENTITY[sdk=iphoneos*]" = "iPhone Developer";
				COPY_PHASE_STRIP = NO;
				DEBUG_INFORMATION_FORMAT = dwarf;
				ENABLE_STRICT_OBJC_MSGSEND = YES;
				ENABLE_TESTABILITY = YES;
				GCC_C_LANGUAGE_STANDARD = gnu99;
				GCC_DYNAMIC_NO_PIC = NO;
				GCC_NO_COMMON_BLOCKS = YES;
				GCC_OPTIMIZATION_LEVEL = 0;
				GCC_PREPROCESSOR_DEFINITIONS = (
					"DEBUG=1",
					"$(inherited)",
				);
				GCC_WARN_64_TO_32_BIT_CONVERSION = YES;
				GCC_WARN_ABOUT_RETURN_TYPE = YES_ERROR;
				GCC_WARN_UNDECLARED_SELECTOR = YES;
				GCC_WARN_UNINITIALIZED_AUTOS = YES_AGGRESSIVE;
				GCC_WARN_UNUSED_FUNCTION = YES;
				GCC_WARN_UNUSED_VARIABLE = YES;
				IPHONEOS_DEPLOYMENT_TARGET = 9.3;
				MTL_ENABLE_DEBUG_INFO = YES;
				ONLY_ACTIVE_ARCH = YES;
				SDKROOT = iphoneos;
				SWIFT_OPTIMIZATION_LEVEL = "-Onone";
				TARGETED_DEVICE_FAMILY = "1,2";
			};
			name = Debug;
		};
		C8A06CB61D08C9E1007E4130 /* Release */ = {
			isa = XCBuildConfiguration;
			buildSettings = {
				ALWAYS_SEARCH_USER_PATHS = NO;
				CLANG_ANALYZER_NONNULL = YES;
				CLANG_CXX_LANGUAGE_STANDARD = "gnu++0x";
				CLANG_CXX_LIBRARY = "libc++";
				CLANG_ENABLE_MODULES = YES;
				CLANG_ENABLE_OBJC_ARC = YES;
				CLANG_WARN_BOOL_CONVERSION = YES;
				CLANG_WARN_CONSTANT_CONVERSION = YES;
				CLANG_WARN_DIRECT_OBJC_ISA_USAGE = YES_ERROR;
				CLANG_WARN_EMPTY_BODY = YES;
				CLANG_WARN_ENUM_CONVERSION = YES;
				CLANG_WARN_INT_CONVERSION = YES;
				CLANG_WARN_OBJC_ROOT_CLASS = YES_ERROR;
				CLANG_WARN_UNREACHABLE_CODE = YES;
				CLANG_WARN__DUPLICATE_METHOD_MATCH = YES;
				"CODE_SIGN_IDENTITY[sdk=iphoneos*]" = "iPhone Developer";
				COPY_PHASE_STRIP = NO;
				DEBUG_INFORMATION_FORMAT = "dwarf-with-dsym";
				ENABLE_NS_ASSERTIONS = NO;
				ENABLE_STRICT_OBJC_MSGSEND = YES;
				GCC_C_LANGUAGE_STANDARD = gnu99;
				GCC_NO_COMMON_BLOCKS = YES;
				GCC_WARN_64_TO_32_BIT_CONVERSION = YES;
				GCC_WARN_ABOUT_RETURN_TYPE = YES_ERROR;
				GCC_WARN_UNDECLARED_SELECTOR = YES;
				GCC_WARN_UNINITIALIZED_AUTOS = YES_AGGRESSIVE;
				GCC_WARN_UNUSED_FUNCTION = YES;
				GCC_WARN_UNUSED_VARIABLE = YES;
				IPHONEOS_DEPLOYMENT_TARGET = 9.3;
				MTL_ENABLE_DEBUG_INFO = NO;
				SDKROOT = iphoneos;
				TARGETED_DEVICE_FAMILY = "1,2";
				VALIDATE_PRODUCT = YES;
			};
			name = Release;
		};
		C8A06CB81D08C9E1007E4130 /* Debug */ = {
			isa = XCBuildConfiguration;
			buildSettings = {
				ASSETCATALOG_COMPILER_APPICON_NAME = AppIcon;
				INFOPLIST_FILE = Cassini_l7/Info.plist;
				LD_RUNPATH_SEARCH_PATHS = "$(inherited) @executable_path/Frameworks";
				PRODUCT_BUNDLE_IDENTIFIER = "com.xueyu.Cassini-l7";
				PRODUCT_NAME = "$(TARGET_NAME)";
			};
			name = Debug;
		};
		C8A06CB91D08C9E1007E4130 /* Release */ = {
			isa = XCBuildConfiguration;
			buildSettings = {
				ASSETCATALOG_COMPILER_APPICON_NAME = AppIcon;
				INFOPLIST_FILE = Cassini_l7/Info.plist;
				LD_RUNPATH_SEARCH_PATHS = "$(inherited) @executable_path/Frameworks";
				PRODUCT_BUNDLE_IDENTIFIER = "com.xueyu.Cassini-l7";
				PRODUCT_NAME = "$(TARGET_NAME)";
			};
			name = Release;
		};
/* End XCBuildConfiguration section */

/* Begin XCConfigurationList section */
		C8A06CA01D08C9E1007E4130 /* Build configuration list for PBXProject "Cassini_l7" */ = {
			isa = XCConfigurationList;
			buildConfigurations = (
				C8A06CB51D08C9E1007E4130 /* Debug */,
				C8A06CB61D08C9E1007E4130 /* Release */,
			);
			defaultConfigurationIsVisible = 0;
			defaultConfigurationName = Release;
		};
		C8A06CB71D08C9E1007E4130 /* Build configuration list for PBXNativeTarget "Cassini_l7" */ = {
			isa = XCConfigurationList;
			buildConfigurations = (
				C8A06CB81D08C9E1007E4130 /* Debug */,
				C8A06CB91D08C9E1007E4130 /* Release */,
			);
			defaultConfigurationIsVisible = 0;
			defaultConfigurationName = Release;
		};
/* End XCConfigurationList section */
	};
	rootObject = C8A06C9D1D08C9E1007E4130 /* Project object */;
}
